
Microsoft Visual Studio Solution File, Format Version 12.00
# Visual Studio Version 17
VisualStudioVersion = 17.0.32126.317
MinimumVisualStudioVersion = 10.0.40219.1
Project("{FAE04EC0-301F-11D3-BF4B-00C04F79EFBC}") = "ExamenII_KarenAguilera", "ExamenII_KarenAguilera\ExamenII_KarenAguilera.csproj", "{A9CD5050-B074-4BF7-86B4-A6964A5DA3AB}"
EndProject
Project("{FAE04EC0-301F-11D3-BF4B-00C04F79EFBC}") = "Datos", "ExamenII_KarenAguilera\Datos\Datos.csproj", "{EE5EC835-ED68-40BC-BDD3-9823EBB9F1F8}"
EndProject
Global
	GlobalSection(SolutionConfigurationPlatforms) = preSolution
		Debug|Any CPU = Debug|Any CPU
		Release|Any CPU = Release|Any CPU
	EndGlobalSection
	GlobalSection(ProjectConfigurationPlatforms) = postSolution
		{A9CD5050-B074-4BF7-86B4-A6964A5DA3AB}.Debug|Any CPU.ActiveCfg = Debug|Any CPU
		{A9CD5050-B074-4BF7-86B4-A6964A5DA3AB}.Debug|Any CPU.Build.0 = Debug|Any CPU
		{A9CD5050-B074-4BF7-86B4-A6964A5DA3AB}.Release|Any CPU.ActiveCfg = Release|Any CPU
		{A9CD5050-B074-4BF7-86B4-A6964A5DA3AB}.Release|Any CPU.Build.0 = Release|Any CPU
		{EE5EC835-ED68-40BC-BDD3-9823EBB9F1F8}.Debug|Any CPU.ActiveCfg = Debug|Any CPU
		{EE5EC835-ED68-40BC-BDD3-9823EBB9F1F8}.Debug|Any CPU.Build.0 = Debug|Any CPU
		{EE5EC835-ED68-40BC-BDD3-9823EBB9F1F8}.Release|Any CPU.ActiveCfg = Release|Any CPU
		{EE5EC835-ED68-40BC-BDD3-9823EBB9F1F8}.Release|Any CPU.Build.0 = Release|Any CPU
	EndGlobalSection
	GlobalSection(SolutionProperties) = preSolution
		HideSolutionNode = FALSE
	EndGlobalSection
	GlobalSection(ExtensibilityGlobals) = postSolution
		SolutionGuid = {546BED9A-4D04-4780-875A-9CA12B81EF07}
	EndGlobalSection
EndGlobal
